// !$*UTF8*$!
{
	archiveVersion = 1;
	classes = {
	};
	objectVersion = 56;
	objects = {

/* Begin PBXBuildFile section */
		9967190929E1B7CE00EF1669 /* Parsing in Frameworks */ = {isa = PBXBuildFile; productRef = 9967190829E1B7CE00EF1669 /* Parsing */; };
		9967190B29E3153700EF1669 /* TransactionParser.swift in Sources */ = {isa = PBXBuildFile; fileRef = 9967190A29E3153700EF1669 /* TransactionParser.swift */; };
		9967190D29E3158400EF1669 /* ExpressionParser.swift in Sources */ = {isa = PBXBuildFile; fileRef = 9967190C29E3158400EF1669 /* ExpressionParser.swift */; };
		9967190F29E315BE00EF1669 /* HelperParsers.swift in Sources */ = {isa = PBXBuildFile; fileRef = 9967190E29E315BE00EF1669 /* HelperParsers.swift */; };
		9967191129E3165B00EF1669 /* ExpressionParserTests.swift in Sources */ = {isa = PBXBuildFile; fileRef = 9967191029E3165B00EF1669 /* ExpressionParserTests.swift */; };
		999D972029E0E36400755F04 /* MoneyApp.swift in Sources */ = {isa = PBXBuildFile; fileRef = 999D971F29E0E36400755F04 /* MoneyApp.swift */; };
		999D972229E0E36400755F04 /* ContentView.swift in Sources */ = {isa = PBXBuildFile; fileRef = 999D972129E0E36400755F04 /* ContentView.swift */; };
		999D972429E0E36500755F04 /* Assets.xcassets in Resources */ = {isa = PBXBuildFile; fileRef = 999D972329E0E36500755F04 /* Assets.xcassets */; };
		999D972729E0E36500755F04 /* Preview Assets.xcassets in Resources */ = {isa = PBXBuildFile; fileRef = 999D972629E0E36500755F04 /* Preview Assets.xcassets */; };
		999D973129E0E36500755F04 /* MoneyTests.swift in Sources */ = {isa = PBXBuildFile; fileRef = 999D973029E0E36500755F04 /* MoneyTests.swift */; };
		999D974A29E0F40D00755F04 /* TransactionParserTests.swift in Sources */ = {isa = PBXBuildFile; fileRef = 999D974929E0F40D00755F04 /* TransactionParserTests.swift */; };
/* End PBXBuildFile section */

/* Begin PBXContainerItemProxy section */
		999D972D29E0E36500755F04 /* PBXContainerItemProxy */ = {
			isa = PBXContainerItemProxy;
			containerPortal = 999D971429E0E36400755F04 /* Project object */;
			proxyType = 1;
			remoteGlobalIDString = 999D971B29E0E36400755F04;
			remoteInfo = Money;
		};
/* End PBXContainerItemProxy section */

/* Begin PBXFileReference section */
		9967190A29E3153700EF1669 /* TransactionParser.swift */ = {isa = PBXFileReference; lastKnownFileType = sourcecode.swift; path = TransactionParser.swift; sourceTree = "<group>"; };
		9967190C29E3158400EF1669 /* ExpressionParser.swift */ = {isa = PBXFileReference; lastKnownFileType = sourcecode.swift; path = ExpressionParser.swift; sourceTree = "<group>"; };
		9967190E29E315BE00EF1669 /* HelperParsers.swift */ = {isa = PBXFileReference; lastKnownFileType = sourcecode.swift; path = HelperParsers.swift; sourceTree = "<group>"; };
		9967191029E3165B00EF1669 /* ExpressionParserTests.swift */ = {isa = PBXFileReference; lastKnownFileType = sourcecode.swift; path = ExpressionParserTests.swift; sourceTree = "<group>"; };
		999D971C29E0E36400755F04 /* Money.app */ = {isa = PBXFileReference; explicitFileType = wrapper.application; includeInIndex = 0; path = Money.app; sourceTree = BUILT_PRODUCTS_DIR; };
		999D971F29E0E36400755F04 /* MoneyApp.swift */ = {isa = PBXFileReference; lastKnownFileType = sourcecode.swift; path = MoneyApp.swift; sourceTree = "<group>"; };
		999D972129E0E36400755F04 /* ContentView.swift */ = {isa = PBXFileReference; lastKnownFileType = sourcecode.swift; path = ContentView.swift; sourceTree = "<group>"; };
		999D972329E0E36500755F04 /* Assets.xcassets */ = {isa = PBXFileReference; lastKnownFileType = folder.assetcatalog; path = Assets.xcassets; sourceTree = "<group>"; };
		999D972629E0E36500755F04 /* Preview Assets.xcassets */ = {isa = PBXFileReference; lastKnownFileType = folder.assetcatalog; path = "Preview Assets.xcassets"; sourceTree = "<group>"; };
		999D972C29E0E36500755F04 /* MoneyTests.xctest */ = {isa = PBXFileReference; explicitFileType = wrapper.cfbundle; includeInIndex = 0; path = MoneyTests.xctest; sourceTree = BUILT_PRODUCTS_DIR; };
		999D973029E0E36500755F04 /* MoneyTests.swift */ = {isa = PBXFileReference; lastKnownFileType = sourcecode.swift; path = MoneyTests.swift; sourceTree = "<group>"; };
		999D974929E0F40D00755F04 /* TransactionParserTests.swift */ = {isa = PBXFileReference; lastKnownFileType = sourcecode.swift; path = TransactionParserTests.swift; sourceTree = "<group>"; };
/* End PBXFileReference section */

/* Begin PBXFrameworksBuildPhase section */
		999D971929E0E36400755F04 /* Frameworks */ = {
			isa = PBXFrameworksBuildPhase;
			buildActionMask = 2147483647;
			files = (
				9967190929E1B7CE00EF1669 /* Parsing in Frameworks */,
			);
			runOnlyForDeploymentPostprocessing = 0;
		};
		999D972929E0E36500755F04 /* Frameworks */ = {
			isa = PBXFrameworksBuildPhase;
			buildActionMask = 2147483647;
			files = (
			);
			runOnlyForDeploymentPostprocessing = 0;
		};
/* End PBXFrameworksBuildPhase section */

/* Begin PBXGroup section */
		999D971329E0E36400755F04 = {
			isa = PBXGroup;
			children = (
				999D971E29E0E36400755F04 /* Money */,
				999D972F29E0E36500755F04 /* MoneyTests */,
				999D971D29E0E36400755F04 /* Products */,
			);
			sourceTree = "<group>";
		};
		999D971D29E0E36400755F04 /* Products */ = {
			isa = PBXGroup;
			children = (
				999D971C29E0E36400755F04 /* Money.app */,
				999D972C29E0E36500755F04 /* MoneyTests.xctest */,
			);
			name = Products;
			sourceTree = "<group>";
		};
		999D971E29E0E36400755F04 /* Money */ = {
			isa = PBXGroup;
			children = (
				999D971F29E0E36400755F04 /* MoneyApp.swift */,
				999D972129E0E36400755F04 /* ContentView.swift */,
				999D972329E0E36500755F04 /* Assets.xcassets */,
				999D972529E0E36500755F04 /* Preview Content */,
				9967190A29E3153700EF1669 /* TransactionParser.swift */,
				9967190C29E3158400EF1669 /* ExpressionParser.swift */,
				9967190E29E315BE00EF1669 /* HelperParsers.swift */,
			);
			path = Money;
			sourceTree = "<group>";
		};
		999D972529E0E36500755F04 /* Preview Content */ = {
			isa = PBXGroup;
			children = (
				999D972629E0E36500755F04 /* Preview Assets.xcassets */,
			);
			path = "Preview Content";
			sourceTree = "<group>";
		};
		999D972F29E0E36500755F04 /* MoneyTests */ = {
			isa = PBXGroup;
			children = (
				999D973029E0E36500755F04 /* MoneyTests.swift */,
				999D974929E0F40D00755F04 /* TransactionParserTests.swift */,
				9967191029E3165B00EF1669 /* ExpressionParserTests.swift */,
			);
			path = MoneyTests;
			sourceTree = "<group>";
		};
/* End PBXGroup section */

/* Begin PBXNativeTarget section */
		999D971B29E0E36400755F04 /* Money */ = {
			isa = PBXNativeTarget;
			buildConfigurationList = 999D974029E0E36500755F04 /* Build configuration list for PBXNativeTarget "Money" */;
			buildPhases = (
				999D971829E0E36400755F04 /* Sources */,
				999D971929E0E36400755F04 /* Frameworks */,
				999D971A29E0E36400755F04 /* Resources */,
			);
			buildRules = (
			);
			dependencies = (
			);
			name = Money;
			packageProductDependencies = (
				9967190829E1B7CE00EF1669 /* Parsing */,
			);
			productName = Money;
			productReference = 999D971C29E0E36400755F04 /* Money.app */;
			productType = "com.apple.product-type.application";
		};
		999D972B29E0E36500755F04 /* MoneyTests */ = {
			isa = PBXNativeTarget;
			buildConfigurationList = 999D974329E0E36500755F04 /* Build configuration list for PBXNativeTarget "MoneyTests" */;
			buildPhases = (
				999D972829E0E36500755F04 /* Sources */,
				999D972929E0E36500755F04 /* Frameworks */,
				999D972A29E0E36500755F04 /* Resources */,
			);
			buildRules = (
			);
			dependencies = (
				999D972E29E0E36500755F04 /* PBXTargetDependency */,
			);
			name = MoneyTests;
			productName = MoneyTests;
			productReference = 999D972C29E0E36500755F04 /* MoneyTests.xctest */;
			productType = "com.apple.product-type.bundle.unit-test";
		};
/* End PBXNativeTarget section */

/* Begin PBXProject section */
		999D971429E0E36400755F04 /* Project object */ = {
			isa = PBXProject;
			attributes = {
				BuildIndependentTargetsInParallel = 1;
				LastSwiftUpdateCheck = 1430;
				LastUpgradeCheck = 1430;
				TargetAttributes = {
					999D971B29E0E36400755F04 = {
						CreatedOnToolsVersion = 14.3;
					};
					999D972B29E0E36500755F04 = {
						CreatedOnToolsVersion = 14.3;
						TestTargetID = 999D971B29E0E36400755F04;
					};
				};
			};
			buildConfigurationList = 999D971729E0E36400755F04 /* Build configuration list for PBXProject "Money" */;
			compatibilityVersion = "Xcode 14.0";
			developmentRegion = en;
			hasScannedForEncodings = 0;
			knownRegions = (
				en,
				Base,
			);
			mainGroup = 999D971329E0E36400755F04;
			packageReferences = (
				9967190729E1B7CE00EF1669 /* XCRemoteSwiftPackageReference "swift-parsing" */,
			);
			productRefGroup = 999D971D29E0E36400755F04 /* Products */;
			projectDirPath = "";
			projectRoot = "";
			targets = (
				999D971B29E0E36400755F04 /* Money */,
				999D972B29E0E36500755F04 /* MoneyTests */,
			);
		};
/* End PBXProject section */

/* Begin PBXResourcesBuildPhase section */
		999D971A29E0E36400755F04 /* Resources */ = {
			isa = PBXResourcesBuildPhase;
			buildActionMask = 2147483647;
			files = (
				999D972729E0E36500755F04 /* Preview Assets.xcassets in Resources */,
				999D972429E0E36500755F04 /* Assets.xcassets in Resources */,
			);
			runOnlyForDeploymentPostprocessing = 0;
		};
		999D972A29E0E36500755F04 /* Resources */ = {
			isa = PBXResourcesBuildPhase;
			buildActionMask = 2147483647;
			files = (
			);
			runOnlyForDeploymentPostprocessing = 0;
		};
/* End PBXResourcesBuildPhase section */

/* Begin PBXSourcesBuildPhase section */
		999D971829E0E36400755F04 /* Sources */ = {
			isa = PBXSourcesBuildPhase;
			buildActionMask = 2147483647;
			files = (
				999D972229E0E36400755F04 /* ContentView.swift in Sources */,
				999D972029E0E36400755F04 /* MoneyApp.swift in Sources */,
				9967190D29E3158400EF1669 /* ExpressionParser.swift in Sources */,
				9967190F29E315BE00EF1669 /* HelperParsers.swift in Sources */,
				9967190B29E3153700EF1669 /* TransactionParser.swift in Sources */,
			);
			runOnlyForDeploymentPostprocessing = 0;
		};
		999D972829E0E36500755F04 /* Sources */ = {
			isa = PBXSourcesBuildPhase;
			buildActionMask = 2147483647;
			files = (
				999D974A29E0F40D00755F04 /* TransactionParserTests.swift in Sources */,
				9967191129E3165B00EF1669 /* ExpressionParserTests.swift in Sources */,
				999D973129E0E36500755F04 /* MoneyTests.swift in Sources */,
			);
			runOnlyForDeploymentPostprocessing = 0;
		};
/* End PBXSourcesBuildPhase section */

/* Begin PBXTargetDependency section */
		999D972E29E0E36500755F04 /* PBXTargetDependency */ = {
			isa = PBXTargetDependency;
			target = 999D971B29E0E36400755F04 /* Money */;
			targetProxy = 999D972D29E0E36500755F04 /* PBXContainerItemProxy */;
		};
/* End PBXTargetDependency section */

/* Begin XCBuildConfiguration section */
		999D973E29E0E36500755F04 /* Debug */ = {
			isa = XCBuildConfiguration;
			buildSettings = {
				ALWAYS_SEARCH_USER_PATHS = NO;
				CLANG_ANALYZER_NONNULL = YES;
				CLANG_ANALYZER_NUMBER_OBJECT_CONVERSION = YES_AGGRESSIVE;
				CLANG_CXX_LANGUAGE_STANDARD = "gnu++20";
				CLANG_ENABLE_MODULES = YES;
				CLANG_ENABLE_OBJC_ARC = YES;
				CLANG_ENABLE_OBJC_WEAK = YES;
				CLANG_WARN_BLOCK_CAPTURE_AUTORELEASING = YES;
				CLANG_WARN_BOOL_CONVERSION = YES;
				CLANG_WARN_COMMA = YES;
				CLANG_WARN_CONSTANT_CONVERSION = YES;
				CLANG_WARN_DEPRECATED_OBJC_IMPLEMENTATIONS = YES;
				CLANG_WARN_DIRECT_OBJC_ISA_USAGE = YES_ERROR;
				CLANG_WARN_DOCUMENTATION_COMMENTS = YES;
				CLANG_WARN_EMPTY_BODY = YES;
				CLANG_WARN_ENUM_CONVERSION = YES;
				CLANG_WARN_INFINITE_RECURSION = YES;
				CLANG_WARN_INT_CONVERSION = YES;
				CLANG_WARN_NON_LITERAL_NULL_CONVERSION = YES;
				CLANG_WARN_OBJC_IMPLICIT_RETAIN_SELF = YES;
				CLANG_WARN_OBJC_LITERAL_CONVERSION = YES;
				CLANG_WARN_OBJC_ROOT_CLASS = YES_ERROR;
				CLANG_WARN_QUOTED_INCLUDE_IN_FRAMEWORK_HEADER = YES;
				CLANG_WARN_RANGE_LOOP_ANALYSIS = YES;
				CLANG_WARN_STRICT_PROTOTYPES = YES;
				CLANG_WARN_SUSPICIOUS_MOVE = YES;
				CLANG_WARN_UNGUARDED_AVAILABILITY = YES_AGGRESSIVE;
				CLANG_WARN_UNREACHABLE_CODE = YES;
				CLANG_WARN__DUPLICATE_METHOD_MATCH = YES;
				COPY_PHASE_STRIP = NO;
				DEBUG_INFORMATION_FORMAT = dwarf;
				ENABLE_STRICT_OBJC_MSGSEND = YES;
				ENABLE_TESTABILITY = YES;
				GCC_C_LANGUAGE_STANDARD = gnu11;
				GCC_DYNAMIC_NO_PIC = NO;
				GCC_NO_COMMON_BLOCKS = YES;
				GCC_OPTIMIZATION_LEVEL = 0;
				GCC_PREPROCESSOR_DEFINITIONS = (
					"DEBUG=1",
					"$(inherited)",
				);
				GCC_WARN_64_TO_32_BIT_CONVERSION = YES;
				GCC_WARN_ABOUT_RETURN_TYPE = YES_ERROR;
				GCC_WARN_UNDECLARED_SELECTOR = YES;
				GCC_WARN_UNINITIALIZED_AUTOS = YES_AGGRESSIVE;
				GCC_WARN_UNUSED_FUNCTION = YES;
				GCC_WARN_UNUSED_VARIABLE = YES;
				IPHONEOS_DEPLOYMENT_TARGET = 16.4;
				MTL_ENABLE_DEBUG_INFO = INCLUDE_SOURCE;
				MTL_FAST_MATH = YES;
				ONLY_ACTIVE_ARCH = YES;
				SDKROOT = iphoneos;
				SWIFT_ACTIVE_COMPILATION_CONDITIONS = DEBUG;
				SWIFT_OPTIMIZATION_LEVEL = "-Onone";
			};
			name = Debug;
		};
		999D973F29E0E36500755F04 /* Release */ = {
			isa = XCBuildConfiguration;
			buildSettings = {
				ALWAYS_SEARCH_USER_PATHS = NO;
				CLANG_ANALYZER_NONNULL = YES;
				CLANG_ANALYZER_NUMBER_OBJECT_CONVERSION = YES_AGGRESSIVE;
				CLANG_CXX_LANGUAGE_STANDARD = "gnu++20";
				CLANG_ENABLE_MODULES = YES;
				CLANG_ENABLE_OBJC_ARC = YES;
				CLANG_ENABLE_OBJC_WEAK = YES;
				CLANG_WARN_BLOCK_CAPTURE_AUTORELEASING = YES;
				CLANG_WARN_BOOL_CONVERSION = YES;
				CLANG_WARN_COMMA = YES;
				CLANG_WARN_CONSTANT_CONVERSION = YES;
				CLANG_WARN_DEPRECATED_OBJC_IMPLEMENTATIONS = YES;
				CLANG_WARN_DIRECT_OBJC_ISA_USAGE = YES_ERROR;
				CLANG_WARN_DOCUMENTATION_COMMENTS = YES;
				CLANG_WARN_EMPTY_BODY = YES;
				CLANG_WARN_ENUM_CONVERSION = YES;
				CLANG_WARN_INFINITE_RECURSION = YES;
				CLANG_WARN_INT_CONVERSION = YES;
				CLANG_WARN_NON_LITERAL_NULL_CONVERSION = YES;
				CLANG_WARN_OBJC_IMPLICIT_RETAIN_SELF = YES;
				CLANG_WARN_OBJC_LITERAL_CONVERSION = YES;
				CLANG_WARN_OBJC_ROOT_CLASS = YES_ERROR;
				CLANG_WARN_QUOTED_INCLUDE_IN_FRAMEWORK_HEADER = YES;
				CLANG_WARN_RANGE_LOOP_ANALYSIS = YES;
				CLANG_WARN_STRICT_PROTOTYPES = YES;
				CLANG_WARN_SUSPICIOUS_MOVE = YES;
				CLANG_WARN_UNGUARDED_AVAILABILITY = YES_AGGRESSIVE;
				CLANG_WARN_UNREACHABLE_CODE = YES;
				CLANG_WARN__DUPLICATE_METHOD_MATCH = YES;
				COPY_PHASE_STRIP = NO;
				DEBUG_INFORMATION_FORMAT = "dwarf-with-dsym";
				ENABLE_NS_ASSERTIONS = NO;
				ENABLE_STRICT_OBJC_MSGSEND = YES;
				GCC_C_LANGUAGE_STANDARD = gnu11;
				GCC_NO_COMMON_BLOCKS = YES;
				GCC_WARN_64_TO_32_BIT_CONVERSION = YES;
				GCC_WARN_ABOUT_RETURN_TYPE = YES_ERROR;
				GCC_WARN_UNDECLARED_SELECTOR = YES;
				GCC_WARN_UNINITIALIZED_AUTOS = YES_AGGRESSIVE;
				GCC_WARN_UNUSED_FUNCTION = YES;
				GCC_WARN_UNUSED_VARIABLE = YES;
				IPHONEOS_DEPLOYMENT_TARGET = 16.4;
				MTL_ENABLE_DEBUG_INFO = NO;
				MTL_FAST_MATH = YES;
				SDKROOT = iphoneos;
				SWIFT_COMPILATION_MODE = wholemodule;
				SWIFT_OPTIMIZATION_LEVEL = "-O";
				VALIDATE_PRODUCT = YES;
			};
			name = Release;
		};
		999D974129E0E36500755F04 /* Debug */ = {
			isa = XCBuildConfiguration;
			buildSettings = {
				ASSETCATALOG_COMPILER_APPICON_NAME = AppIcon;
				ASSETCATALOG_COMPILER_GLOBAL_ACCENT_COLOR_NAME = AccentColor;
				CODE_SIGN_STYLE = Automatic;
				CURRENT_PROJECT_VERSION = 1;
				DEVELOPMENT_ASSET_PATHS = "\"Money/Preview Content\"";
				DEVELOPMENT_TEAM = 47C966XSTJ;
				ENABLE_PREVIEWS = YES;
				GENERATE_INFOPLIST_FILE = YES;
				INFOPLIST_KEY_UIApplicationSceneManifest_Generation = YES;
				INFOPLIST_KEY_UIApplicationSupportsIndirectInputEvents = YES;
				INFOPLIST_KEY_UILaunchScreen_Generation = YES;
				INFOPLIST_KEY_UISupportedInterfaceOrientations_iPad = "UIInterfaceOrientationPortrait UIInterfaceOrientationPortraitUpsideDown UIInterfaceOrientationLandscapeLeft UIInterfaceOrientationLandscapeRight";
				INFOPLIST_KEY_UISupportedInterfaceOrientations_iPhone = "UIInterfaceOrientationPortrait UIInterfaceOrientationLandscapeLeft UIInterfaceOrientationLandscapeRight";
				LD_RUNPATH_SEARCH_PATHS = (
					"$(inherited)",
					"@executable_path/Frameworks",
				);
				MARKETING_VERSION = 1.0;
				PRODUCT_BUNDLE_IDENTIFIER = "com.garrett-harris.adam.Money";
				PRODUCT_NAME = "$(TARGET_NAME)";
				SWIFT_EMIT_LOC_STRINGS = YES;
				SWIFT_VERSION = 5.0;
				TARGETED_DEVICE_FAMILY = "1,2";
			};
			name = Debug;
		};
		999D974229E0E36500755F04 /* Release */ = {
			isa = XCBuildConfiguration;
			buildSettings = {
				ASSETCATALOG_COMPILER_APPICON_NAME = AppIcon;
				ASSETCATALOG_COMPILER_GLOBAL_ACCENT_COLOR_NAME = AccentColor;
				CODE_SIGN_STYLE = Automatic;
				CURRENT_PROJECT_VERSION = 1;
				DEVELOPMENT_ASSET_PATHS = "\"Money/Preview Content\"";
				DEVELOPMENT_TEAM = 47C966XSTJ;
				ENABLE_PREVIEWS = YES;
				GENERATE_INFOPLIST_FILE = YES;
				INFOPLIST_KEY_UIApplicationSceneManifest_Generation = YES;
				INFOPLIST_KEY_UIApplicationSupportsIndirectInputEvents = YES;
				INFOPLIST_KEY_UILaunchScreen_Generation = YES;
				INFOPLIST_KEY_UISupportedInterfaceOrientations_iPad = "UIInterfaceOrientationPortrait UIInterfaceOrientationPortraitUpsideDown UIInterfaceOrientationLandscapeLeft UIInterfaceOrientationLandscapeRight";
				INFOPLIST_KEY_UISupportedInterfaceOrientations_iPhone = "UIInterfaceOrientationPortrait UIInterfaceOrientationLandscapeLeft UIInterfaceOrientationLandscapeRight";
				LD_RUNPATH_SEARCH_PATHS = (
					"$(inherited)",
					"@executable_path/Frameworks",
				);
				MARKETING_VERSION = 1.0;
				PRODUCT_BUNDLE_IDENTIFIER = "com.garrett-harris.adam.Money";
				PRODUCT_NAME = "$(TARGET_NAME)";
				SWIFT_EMIT_LOC_STRINGS = YES;
				SWIFT_VERSION = 5.0;
				TARGETED_DEVICE_FAMILY = "1,2";
			};
			name = Release;
		};
		999D974429E0E36500755F04 /* Debug */ = {
			isa = XCBuildConfiguration;
			buildSettings = {
				ALWAYS_EMBED_SWIFT_STANDARD_LIBRARIES = YES;
				BUNDLE_LOADER = "$(TEST_HOST)";
				CODE_SIGN_STYLE = Automatic;
				CURRENT_PROJECT_VERSION = 1;
				DEVELOPMENT_TEAM = 47C966XSTJ;
				GENERATE_INFOPLIST_FILE = YES;
				IPHONEOS_DEPLOYMENT_TARGET = 16.4;
				MARKETING_VERSION = 1.0;
				PRODUCT_BUNDLE_IDENTIFIER = "com.garrett-harris.adam.MoneyTests";
				PRODUCT_NAME = "$(TARGET_NAME)";
				SWIFT_EMIT_LOC_STRINGS = NO;
				SWIFT_VERSION = 5.0;
				TARGETED_DEVICE_FAMILY = "1,2";
				TEST_HOST = "$(BUILT_PRODUCTS_DIR)/Money.app/$(BUNDLE_EXECUTABLE_FOLDER_PATH)/Money";
			};
			name = Debug;
		};
		999D974529E0E36500755F04 /* Release */ = {
			isa = XCBuildConfiguration;
			buildSettings = {
				ALWAYS_EMBED_SWIFT_STANDARD_LIBRARIES = YES;
				BUNDLE_LOADER = "$(TEST_HOST)";
				CODE_SIGN_STYLE = Automatic;
				CURRENT_PROJECT_VERSION = 1;
				DEVELOPMENT_TEAM = 47C966XSTJ;
				GENERATE_INFOPLIST_FILE = YES;
				IPHONEOS_DEPLOYMENT_TARGET = 16.4;
				MARKETING_VERSION = 1.0;
				PRODUCT_BUNDLE_IDENTIFIER = "com.garrett-harris.adam.MoneyTests";
				PRODUCT_NAME = "$(TARGET_NAME)";
				SWIFT_EMIT_LOC_STRINGS = NO;
				SWIFT_VERSION = 5.0;
				TARGETED_DEVICE_FAMILY = "1,2";
				TEST_HOST = "$(BUILT_PRODUCTS_DIR)/Money.app/$(BUNDLE_EXECUTABLE_FOLDER_PATH)/Money";
			};
			name = Release;
		};
/* End XCBuildConfiguration section */

/* Begin XCConfigurationList section */
		999D971729E0E36400755F04 /* Build configuration list for PBXProject "Money" */ = {
			isa = XCConfigurationList;
			buildConfigurations = (
				999D973E29E0E36500755F04 /* Debug */,
				999D973F29E0E36500755F04 /* Release */,
			);
			defaultConfigurationIsVisible = 0;
			defaultConfigurationName = Release;
		};
		999D974029E0E36500755F04 /* Build configuration list for PBXNativeTarget "Money" */ = {
			isa = XCConfigurationList;
			buildConfigurations = (
				999D974129E0E36500755F04 /* Debug */,
				999D974229E0E36500755F04 /* Release */,
			);
			defaultConfigurationIsVisible = 0;
			defaultConfigurationName = Release;
		};
		999D974329E0E36500755F04 /* Build configuration list for PBXNativeTarget "MoneyTests" */ = {
			isa = XCConfigurationList;
			buildConfigurations = (
				999D974429E0E36500755F04 /* Debug */,
				999D974529E0E36500755F04 /* Release */,
			);
			defaultConfigurationIsVisible = 0;
			defaultConfigurationName = Release;
		};
/* End XCConfigurationList section */

/* Begin XCRemoteSwiftPackageReference section */
		9967190729E1B7CE00EF1669 /* XCRemoteSwiftPackageReference "swift-parsing" */ = {
			isa = XCRemoteSwiftPackageReference;
			repositoryURL = "https://github.com/pointfreeco/swift-parsing.git";
			requirement = {
				kind = upToNextMajorVersion;
				minimumVersion = 0.11.0;
			};
		};
/* End XCRemoteSwiftPackageReference section */

/* Begin XCSwiftPackageProductDependency section */
		9967190829E1B7CE00EF1669 /* Parsing */ = {
			isa = XCSwiftPackageProductDependency;
			package = 9967190729E1B7CE00EF1669 /* XCRemoteSwiftPackageReference "swift-parsing" */;
			productName = Parsing;
		};
/* End XCSwiftPackageProductDependency section */
	};
	rootObject = 999D971429E0E36400755F04 /* Project object */;
}
